{
  "name": "ft_transcendence",
  "lockfileVersion": 2,
  "requires": true,
  "packages": {
    "": {
      "dependencies": {
        "emoji-picker-element": "^1.12.1"
      }
    },
    "node_modules/emoji-picker-element": {
      "version": "1.12.1",
      "resolved": "https://registry.npmjs.org/emoji-picker-element/-/emoji-picker-element-1.12.1.tgz",
      "integrity": "sha512-F9AY/re8uqZmBcCXLHLGvyy7fxuMQdZl9R8OToLRH8Vnns+WMX8RYUbI2nSJklzl5+82qzpYWeus1/puDepWcQ=="
    }
  },
  "dependencies": {
    "emoji-picker-element": {
      "version": "1.12.1",
      "resolved": "https://registry.npmjs.org/emoji-picker-element/-/emoji-picker-element-1.12.1.tgz",
      "integrity": "sha512-F9AY/re8uqZmBcCXLHLGvyy7fxuMQdZl9R8OToLRH8Vnns+WMX8RYUbI2nSJklzl5+82qzpYWeus1/puDepWcQ=="
    }
  }
}
